
Microsoft Visual Studio Solution File, Format Version 12.00
# Visual Studio 15
VisualStudioVersion = 15.0.28307.1082
MinimumVisualStudioVersion = 10.0.40219.1
Project("{FAE04EC0-301F-11D3-BF4B-00C04F79EFBC}") = "Ex04.Menus.Interfaces", "Ex04.Menus.Interfaces\Ex04.Menus.Interfaces.csproj", "{F527B957-9CC5-457A-819E-88C1D7EEA40F}"
EndProject
Global
	GlobalSection(SolutionConfigurationPlatforms) = preSolution
		Debug|Any CPU = Debug|Any CPU
		Release|Any CPU = Release|Any CPU
	EndGlobalSection
	GlobalSection(ProjectConfigurationPlatforms) = postSolution
		{F527B957-9CC5-457A-819E-88C1D7EEA40F}.Debug|Any CPU.ActiveCfg = Debug|Any CPU
		{F527B957-9CC5-457A-819E-88C1D7EEA40F}.Debug|Any CPU.Build.0 = Debug|Any CPU
		{F527B957-9CC5-457A-819E-88C1D7EEA40F}.Release|Any CPU.ActiveCfg = Release|Any CPU
		{F527B957-9CC5-457A-819E-88C1D7EEA40F}.Release|Any CPU.Build.0 = Release|Any CPU
	EndGlobalSection
	GlobalSection(SolutionProperties) = preSolution
		HideSolutionNode = FALSE
	EndGlobalSection
	GlobalSection(ExtensibilityGlobals) = postSolution
		SolutionGuid = {E27360DA-4E53-4557-BEE3-CB48E3A56698}
	EndGlobalSection
EndGlobal
